// !$*UTF8*$!
{
	archiveVersion = 1;
	classes = {
	};
	objectVersion = 52;
	objects = {

/* Begin PBXBuildFile section */
		C554986F26B17329006F9829 /* MemoryGameView+State.swift in Sources */ = {isa = PBXBuildFile; fileRef = C554986E26B17329006F9829 /* MemoryGameView+State.swift */; };
		C554987126B17336006F9829 /* MemoryGameView+Action.swift in Sources */ = {isa = PBXBuildFile; fileRef = C554987026B17335006F9829 /* MemoryGameView+Action.swift */; };
		C554987626B1810C006F9829 /* Array.swift in Sources */ = {isa = PBXBuildFile; fileRef = C554987526B1810C006F9829 /* Array.swift */; };
		C554987826B19CFE006F9829 /* AspectVGrid.swift in Sources */ = {isa = PBXBuildFile; fileRef = C554987726B19CFE006F9829 /* AspectVGrid.swift */; };
		C55B269026B1B7060093E68D /* Pie.swift in Sources */ = {isa = PBXBuildFile; fileRef = C55B268F26B1B7060093E68D /* Pie.swift */; };
		C55B269226B1BF200093E68D /* Cardify.swift in Sources */ = {isa = PBXBuildFile; fileRef = C55B269126B1BF200093E68D /* Cardify.swift */; };
		C55B269426B1C0CA0093E68D /* View.swift in Sources */ = {isa = PBXBuildFile; fileRef = C55B269326B1C0CA0093E68D /* View.swift */; };
		C579E87226A87B1000430FC0 /* MemorizerComposableApp.swift in Sources */ = {isa = PBXBuildFile; fileRef = C579E87126A87B1000430FC0 /* MemorizerComposableApp.swift */; };
		C579E87426A87B1000430FC0 /* MemoryGameView.swift in Sources */ = {isa = PBXBuildFile; fileRef = C579E87326A87B1000430FC0 /* MemoryGameView.swift */; };
		C579E87626A87B1200430FC0 /* Assets.xcassets in Resources */ = {isa = PBXBuildFile; fileRef = C579E87526A87B1200430FC0 /* Assets.xcassets */; };
		C579E87926A87B1200430FC0 /* Preview Assets.xcassets in Resources */ = {isa = PBXBuildFile; fileRef = C579E87826A87B1200430FC0 /* Preview Assets.xcassets */; };
		C579E88426A87B1200430FC0 /* MemorizerComposableTests.swift in Sources */ = {isa = PBXBuildFile; fileRef = C579E88326A87B1200430FC0 /* MemorizerComposableTests.swift */; };
		C579E88F26A87B1200430FC0 /* MemorizerComposableUITests.swift in Sources */ = {isa = PBXBuildFile; fileRef = C579E88E26A87B1200430FC0 /* MemorizerComposableUITests.swift */; };
		C579E89F26A87F3C00430FC0 /* CardView.swift in Sources */ = {isa = PBXBuildFile; fileRef = C579E89E26A87F3C00430FC0 /* CardView.swift */; };
		C579E8A226A88A3900430FC0 /* ComposableArchitecture in Frameworks */ = {isa = PBXBuildFile; productRef = C579E8A126A88A3900430FC0 /* ComposableArchitecture */; };
		C579E8A526A88A6A00430FC0 /* MemoryGameState.swift in Sources */ = {isa = PBXBuildFile; fileRef = C579E8A426A88A6A00430FC0 /* MemoryGameState.swift */; };
		C579E8A726A88A7300430FC0 /* MemoryGameAction.swift in Sources */ = {isa = PBXBuildFile; fileRef = C579E8A626A88A7300430FC0 /* MemoryGameAction.swift */; };
		C579E8A926A88A7B00430FC0 /* MemoryGameEnvironment.swift in Sources */ = {isa = PBXBuildFile; fileRef = C579E8A826A88A7B00430FC0 /* MemoryGameEnvironment.swift */; };
		C579E8AB26A88A8500430FC0 /* MemoryGameReducer.swift in Sources */ = {isa = PBXBuildFile; fileRef = C579E8AA26A88A8500430FC0 /* MemoryGameReducer.swift */; };
		C579E8AD26A88E7B00430FC0 /* MemoryGameCard.swift in Sources */ = {isa = PBXBuildFile; fileRef = C579E8AC26A88E7B00430FC0 /* MemoryGameCard.swift */; };
		C579E8AF26A8941B00430FC0 /* MemoryGameBuilder.swift in Sources */ = {isa = PBXBuildFile; fileRef = C579E8AE26A8941B00430FC0 /* MemoryGameBuilder.swift */; };
/* End PBXBuildFile section */

/* Begin PBXContainerItemProxy section */
		C579E88026A87B1200430FC0 /* PBXContainerItemProxy */ = {
			isa = PBXContainerItemProxy;
			containerPortal = C579E86626A87B1000430FC0 /* Project object */;
			proxyType = 1;
			remoteGlobalIDString = C579E86D26A87B1000430FC0;
			remoteInfo = MemorizerComposable;
		};
		C579E88B26A87B1200430FC0 /* PBXContainerItemProxy */ = {
			isa = PBXContainerItemProxy;
			containerPortal = C579E86626A87B1000430FC0 /* Project object */;
			proxyType = 1;
			remoteGlobalIDString = C579E86D26A87B1000430FC0;
			remoteInfo = MemorizerComposable;
		};
/* End PBXContainerItemProxy section */

/* Begin PBXFileReference section */
		C554986E26B17329006F9829 /* MemoryGameView+State.swift */ = {isa = PBXFileReference; lastKnownFileType = sourcecode.swift; path = "MemoryGameView+State.swift"; sourceTree = "<group>"; };
		C554987026B17335006F9829 /* MemoryGameView+Action.swift */ = {isa = PBXFileReference; lastKnownFileType = sourcecode.swift; path = "MemoryGameView+Action.swift"; sourceTree = "<group>"; };
		C554987526B1810C006F9829 /* Array.swift */ = {isa = PBXFileReference; lastKnownFileType = sourcecode.swift; path = Array.swift; sourceTree = "<group>"; };
		C554987726B19CFE006F9829 /* AspectVGrid.swift */ = {isa = PBXFileReference; lastKnownFileType = sourcecode.swift; path = AspectVGrid.swift; sourceTree = "<group>"; };
		C55B268F26B1B7060093E68D /* Pie.swift */ = {isa = PBXFileReference; lastKnownFileType = sourcecode.swift; path = Pie.swift; sourceTree = "<group>"; };
		C55B269126B1BF200093E68D /* Cardify.swift */ = {isa = PBXFileReference; lastKnownFileType = sourcecode.swift; path = Cardify.swift; sourceTree = "<group>"; };
		C55B269326B1C0CA0093E68D /* View.swift */ = {isa = PBXFileReference; lastKnownFileType = sourcecode.swift; path = View.swift; sourceTree = "<group>"; };
		C579E86E26A87B1000430FC0 /* MemorizerComposable.app */ = {isa = PBXFileReference; explicitFileType = wrapper.application; includeInIndex = 0; path = MemorizerComposable.app; sourceTree = BUILT_PRODUCTS_DIR; };
		C579E87126A87B1000430FC0 /* MemorizerComposableApp.swift */ = {isa = PBXFileReference; lastKnownFileType = sourcecode.swift; path = MemorizerComposableApp.swift; sourceTree = "<group>"; };
		C579E87326A87B1000430FC0 /* MemoryGameView.swift */ = {isa = PBXFileReference; lastKnownFileType = sourcecode.swift; path = MemoryGameView.swift; sourceTree = "<group>"; };
		C579E87526A87B1200430FC0 /* Assets.xcassets */ = {isa = PBXFileReference; lastKnownFileType = folder.assetcatalog; path = Assets.xcassets; sourceTree = "<group>"; };
		C579E87826A87B1200430FC0 /* Preview Assets.xcassets */ = {isa = PBXFileReference; lastKnownFileType = folder.assetcatalog; path = "Preview Assets.xcassets"; sourceTree = "<group>"; };
		C579E87A26A87B1200430FC0 /* Info.plist */ = {isa = PBXFileReference; lastKnownFileType = text.plist.xml; path = Info.plist; sourceTree = "<group>"; };
		C579E87F26A87B1200430FC0 /* MemorizerComposableTests.xctest */ = {isa = PBXFileReference; explicitFileType = wrapper.cfbundle; includeInIndex = 0; path = MemorizerComposableTests.xctest; sourceTree = BUILT_PRODUCTS_DIR; };
		C579E88326A87B1200430FC0 /* MemorizerComposableTests.swift */ = {isa = PBXFileReference; lastKnownFileType = sourcecode.swift; path = MemorizerComposableTests.swift; sourceTree = "<group>"; };
		C579E88526A87B1200430FC0 /* Info.plist */ = {isa = PBXFileReference; lastKnownFileType = text.plist.xml; path = Info.plist; sourceTree = "<group>"; };
		C579E88A26A87B1200430FC0 /* MemorizerComposableUITests.xctest */ = {isa = PBXFileReference; explicitFileType = wrapper.cfbundle; includeInIndex = 0; path = MemorizerComposableUITests.xctest; sourceTree = BUILT_PRODUCTS_DIR; };
		C579E88E26A87B1200430FC0 /* MemorizerComposableUITests.swift */ = {isa = PBXFileReference; lastKnownFileType = sourcecode.swift; path = MemorizerComposableUITests.swift; sourceTree = "<group>"; };
		C579E89026A87B1200430FC0 /* Info.plist */ = {isa = PBXFileReference; lastKnownFileType = text.plist.xml; path = Info.plist; sourceTree = "<group>"; };
		C579E89E26A87F3C00430FC0 /* CardView.swift */ = {isa = PBXFileReference; lastKnownFileType = sourcecode.swift; path = CardView.swift; sourceTree = "<group>"; };
		C579E8A426A88A6A00430FC0 /* MemoryGameState.swift */ = {isa = PBXFileReference; lastKnownFileType = sourcecode.swift; path = MemoryGameState.swift; sourceTree = "<group>"; };
		C579E8A626A88A7300430FC0 /* MemoryGameAction.swift */ = {isa = PBXFileReference; lastKnownFileType = sourcecode.swift; path = MemoryGameAction.swift; sourceTree = "<group>"; };
		C579E8A826A88A7B00430FC0 /* MemoryGameEnvironment.swift */ = {isa = PBXFileReference; lastKnownFileType = sourcecode.swift; path = MemoryGameEnvironment.swift; sourceTree = "<group>"; };
		C579E8AA26A88A8500430FC0 /* MemoryGameReducer.swift */ = {isa = PBXFileReference; lastKnownFileType = sourcecode.swift; path = MemoryGameReducer.swift; sourceTree = "<group>"; };
		C579E8AC26A88E7B00430FC0 /* MemoryGameCard.swift */ = {isa = PBXFileReference; lastKnownFileType = sourcecode.swift; path = MemoryGameCard.swift; sourceTree = "<group>"; };
		C579E8AE26A8941B00430FC0 /* MemoryGameBuilder.swift */ = {isa = PBXFileReference; lastKnownFileType = sourcecode.swift; path = MemoryGameBuilder.swift; sourceTree = "<group>"; };
/* End PBXFileReference section */

/* Begin PBXFrameworksBuildPhase section */
		C579E86B26A87B1000430FC0 /* Frameworks */ = {
			isa = PBXFrameworksBuildPhase;
			buildActionMask = 2147483647;
			files = (
				C579E8A226A88A3900430FC0 /* ComposableArchitecture in Frameworks */,
			);
			runOnlyForDeploymentPostprocessing = 0;
		};
		C579E87C26A87B1200430FC0 /* Frameworks */ = {
			isa = PBXFrameworksBuildPhase;
			buildActionMask = 2147483647;
			files = (
			);
			runOnlyForDeploymentPostprocessing = 0;
		};
		C579E88726A87B1200430FC0 /* Frameworks */ = {
			isa = PBXFrameworksBuildPhase;
			buildActionMask = 2147483647;
			files = (
			);
			runOnlyForDeploymentPostprocessing = 0;
		};
/* End PBXFrameworksBuildPhase section */

/* Begin PBXGroup section */
		C554987226B17515006F9829 /* Domain */ = {
			isa = PBXGroup;
			children = (
				C579E8A426A88A6A00430FC0 /* MemoryGameState.swift */,
				C579E8A626A88A7300430FC0 /* MemoryGameAction.swift */,
				C579E8A826A88A7B00430FC0 /* MemoryGameEnvironment.swift */,
				C579E8AA26A88A8500430FC0 /* MemoryGameReducer.swift */,
			);
			path = Domain;
			sourceTree = "<group>";
		};
		C554987326B1752C006F9829 /* Data */ = {
			isa = PBXGroup;
			children = (
				C579E8AC26A88E7B00430FC0 /* MemoryGameCard.swift */,
			);
			path = Data;
			sourceTree = "<group>";
		};
		C554987426B18102006F9829 /* Extensions */ = {
			isa = PBXGroup;
			children = (
				C554987526B1810C006F9829 /* Array.swift */,
				C55B269326B1C0CA0093E68D /* View.swift */,
			);
			path = Extensions;
			sourceTree = "<group>";
		};
		C579E86526A87B1000430FC0 = {
			isa = PBXGroup;
			children = (
				C579E87026A87B1000430FC0 /* MemorizerComposable */,
				C579E88226A87B1200430FC0 /* MemorizerComposableTests */,
				C579E88D26A87B1200430FC0 /* MemorizerComposableUITests */,
				C579E86F26A87B1000430FC0 /* Products */,
			);
			sourceTree = "<group>";
		};
		C579E86F26A87B1000430FC0 /* Products */ = {
			isa = PBXGroup;
			children = (
				C579E86E26A87B1000430FC0 /* MemorizerComposable.app */,
				C579E87F26A87B1200430FC0 /* MemorizerComposableTests.xctest */,
				C579E88A26A87B1200430FC0 /* MemorizerComposableUITests.xctest */,
			);
			name = Products;
			sourceTree = "<group>";
		};
		C579E87026A87B1000430FC0 /* MemorizerComposable */ = {
			isa = PBXGroup;
			children = (
				C554987426B18102006F9829 /* Extensions */,
				C579E8A326A88A5800430FC0 /* MemoryGame */,
				C579E87126A87B1000430FC0 /* MemorizerComposableApp.swift */,
				C579E87526A87B1200430FC0 /* Assets.xcassets */,
				C579E87A26A87B1200430FC0 /* Info.plist */,
				C579E87726A87B1200430FC0 /* Preview Content */,
			);
			path = MemorizerComposable;
			sourceTree = "<group>";
		};
		C579E87726A87B1200430FC0 /* Preview Content */ = {
			isa = PBXGroup;
			children = (
				C579E87826A87B1200430FC0 /* Preview Assets.xcassets */,
			);
			path = "Preview Content";
			sourceTree = "<group>";
		};
		C579E88226A87B1200430FC0 /* MemorizerComposableTests */ = {
			isa = PBXGroup;
			children = (
				C579E88326A87B1200430FC0 /* MemorizerComposableTests.swift */,
				C579E88526A87B1200430FC0 /* Info.plist */,
			);
			path = MemorizerComposableTests;
			sourceTree = "<group>";
		};
		C579E88D26A87B1200430FC0 /* MemorizerComposableUITests */ = {
			isa = PBXGroup;
			children = (
				C579E88E26A87B1200430FC0 /* MemorizerComposableUITests.swift */,
				C579E89026A87B1200430FC0 /* Info.plist */,
			);
			path = MemorizerComposableUITests;
			sourceTree = "<group>";
		};
		C579E8A326A88A5800430FC0 /* MemoryGame */ = {
			isa = PBXGroup;
			children = (
				C554987326B1752C006F9829 /* Data */,
				C554987226B17515006F9829 /* Domain */,
				C579E8B126A8ACC900430FC0 /* UI */,
				C579E8AE26A8941B00430FC0 /* MemoryGameBuilder.swift */,
			);
			path = MemoryGame;
			sourceTree = "<group>";
		};
		C579E8B126A8ACC900430FC0 /* UI */ = {
			isa = PBXGroup;
			children = (
				C579E87326A87B1000430FC0 /* MemoryGameView.swift */,
				C579E89E26A87F3C00430FC0 /* CardView.swift */,
				C554986E26B17329006F9829 /* MemoryGameView+State.swift */,
				C554987026B17335006F9829 /* MemoryGameView+Action.swift */,
				C554987726B19CFE006F9829 /* AspectVGrid.swift */,
				C55B268F26B1B7060093E68D /* Pie.swift */,
				C55B269126B1BF200093E68D /* Cardify.swift */,
			);
			path = UI;
			sourceTree = "<group>";
		};
/* End PBXGroup section */

/* Begin PBXNativeTarget section */
		C579E86D26A87B1000430FC0 /* MemorizerComposable */ = {
			isa = PBXNativeTarget;
			buildConfigurationList = C579E89326A87B1200430FC0 /* Build configuration list for PBXNativeTarget "MemorizerComposable" */;
			buildPhases = (
				C579E86A26A87B1000430FC0 /* Sources */,
				C579E86B26A87B1000430FC0 /* Frameworks */,
				C579E86C26A87B1000430FC0 /* Resources */,
			);
			buildRules = (
			);
			dependencies = (
			);
			name = MemorizerComposable;
			packageProductDependencies = (
				C579E8A126A88A3900430FC0 /* ComposableArchitecture */,
			);
			productName = MemorizerComposable;
			productReference = C579E86E26A87B1000430FC0 /* MemorizerComposable.app */;
			productType = "com.apple.product-type.application";
		};
		C579E87E26A87B1200430FC0 /* MemorizerComposableTests */ = {
			isa = PBXNativeTarget;
			buildConfigurationList = C579E89626A87B1200430FC0 /* Build configuration list for PBXNativeTarget "MemorizerComposableTests" */;
			buildPhases = (
				C579E87B26A87B1200430FC0 /* Sources */,
				C579E87C26A87B1200430FC0 /* Frameworks */,
				C579E87D26A87B1200430FC0 /* Resources */,
			);
			buildRules = (
			);
			dependencies = (
				C579E88126A87B1200430FC0 /* PBXTargetDependency */,
			);
			name = MemorizerComposableTests;
			productName = MemorizerComposableTests;
			productReference = C579E87F26A87B1200430FC0 /* MemorizerComposableTests.xctest */;
			productType = "com.apple.product-type.bundle.unit-test";
		};
		C579E88926A87B1200430FC0 /* MemorizerComposableUITests */ = {
			isa = PBXNativeTarget;
			buildConfigurationList = C579E89926A87B1200430FC0 /* Build configuration list for PBXNativeTarget "MemorizerComposableUITests" */;
			buildPhases = (
				C579E88626A87B1200430FC0 /* Sources */,
				C579E88726A87B1200430FC0 /* Frameworks */,
				C579E88826A87B1200430FC0 /* Resources */,
			);
			buildRules = (
			);
			dependencies = (
				C579E88C26A87B1200430FC0 /* PBXTargetDependency */,
			);
			name = MemorizerComposableUITests;
			productName = MemorizerComposableUITests;
			productReference = C579E88A26A87B1200430FC0 /* MemorizerComposableUITests.xctest */;
			productType = "com.apple.product-type.bundle.ui-testing";
		};
/* End PBXNativeTarget section */

/* Begin PBXProject section */
		C579E86626A87B1000430FC0 /* Project object */ = {
			isa = PBXProject;
			attributes = {
				LastSwiftUpdateCheck = 1250;
				LastUpgradeCheck = 1250;
				TargetAttributes = {
					C579E86D26A87B1000430FC0 = {
						CreatedOnToolsVersion = 12.5.1;
					};
					C579E87E26A87B1200430FC0 = {
						CreatedOnToolsVersion = 12.5.1;
						TestTargetID = C579E86D26A87B1000430FC0;
					};
					C579E88926A87B1200430FC0 = {
						CreatedOnToolsVersion = 12.5.1;
						TestTargetID = C579E86D26A87B1000430FC0;
					};
				};
			};
			buildConfigurationList = C579E86926A87B1000430FC0 /* Build configuration list for PBXProject "MemorizerComposable" */;
			compatibilityVersion = "Xcode 9.3";
			developmentRegion = en;
			hasScannedForEncodings = 0;
			knownRegions = (
				en,
				Base,
			);
			mainGroup = C579E86526A87B1000430FC0;
			packageReferences = (
				C579E8A026A88A3900430FC0 /* XCRemoteSwiftPackageReference "swift-composable-architecture" */,
			);
			productRefGroup = C579E86F26A87B1000430FC0 /* Products */;
			projectDirPath = "";
			projectRoot = "";
			targets = (
				C579E86D26A87B1000430FC0 /* MemorizerComposable */,
				C579E87E26A87B1200430FC0 /* MemorizerComposableTests */,
				C579E88926A87B1200430FC0 /* MemorizerComposableUITests */,
			);
		};
/* End PBXProject section */

/* Begin PBXResourcesBuildPhase section */
		C579E86C26A87B1000430FC0 /* Resources */ = {
			isa = PBXResourcesBuildPhase;
			buildActionMask = 2147483647;
			files = (
				C579E87926A87B1200430FC0 /* Preview Assets.xcassets in Resources */,
				C579E87626A87B1200430FC0 /* Assets.xcassets in Resources */,
			);
			runOnlyForDeploymentPostprocessing = 0;
		};
		C579E87D26A87B1200430FC0 /* Resources */ = {
			isa = PBXResourcesBuildPhase;
			buildActionMask = 2147483647;
			files = (
			);
			runOnlyForDeploymentPostprocessing = 0;
		};
		C579E88826A87B1200430FC0 /* Resources */ = {
			isa = PBXResourcesBuildPhase;
			buildActionMask = 2147483647;
			files = (
			);
			runOnlyForDeploymentPostprocessing = 0;
		};
/* End PBXResourcesBuildPhase section */

/* Begin PBXSourcesBuildPhase section */
		C579E86A26A87B1000430FC0 /* Sources */ = {
			isa = PBXSourcesBuildPhase;
			buildActionMask = 2147483647;
			files = (
				C55B269426B1C0CA0093E68D /* View.swift in Sources */,
				C579E8A726A88A7300430FC0 /* MemoryGameAction.swift in Sources */,
				C554987126B17336006F9829 /* MemoryGameView+Action.swift in Sources */,
				C579E8A526A88A6A00430FC0 /* MemoryGameState.swift in Sources */,
				C55B269226B1BF200093E68D /* Cardify.swift in Sources */,
				C579E8AB26A88A8500430FC0 /* MemoryGameReducer.swift in Sources */,
				C55B269026B1B7060093E68D /* Pie.swift in Sources */,
				C554986F26B17329006F9829 /* MemoryGameView+State.swift in Sources */,
				C579E8A926A88A7B00430FC0 /* MemoryGameEnvironment.swift in Sources */,
				C579E8AD26A88E7B00430FC0 /* MemoryGameCard.swift in Sources */,
				C579E8AF26A8941B00430FC0 /* MemoryGameBuilder.swift in Sources */,
				C579E87426A87B1000430FC0 /* MemoryGameView.swift in Sources */,
				C554987626B1810C006F9829 /* Array.swift in Sources */,
				C579E89F26A87F3C00430FC0 /* CardView.swift in Sources */,
				C579E87226A87B1000430FC0 /* MemorizerComposableApp.swift in Sources */,
				C554987826B19CFE006F9829 /* AspectVGrid.swift in Sources */,
			);
			runOnlyForDeploymentPostprocessing = 0;
		};
		C579E87B26A87B1200430FC0 /* Sources */ = {
			isa = PBXSourcesBuildPhase;
			buildActionMask = 2147483647;
			files = (
				C579E88426A87B1200430FC0 /* MemorizerComposableTests.swift in Sources */,
			);
			runOnlyForDeploymentPostprocessing = 0;
		};
		C579E88626A87B1200430FC0 /* Sources */ = {
			isa = PBXSourcesBuildPhase;
			buildActionMask = 2147483647;
			files = (
				C579E88F26A87B1200430FC0 /* MemorizerComposableUITests.swift in Sources */,
			);
			runOnlyForDeploymentPostprocessing = 0;
		};
/* End PBXSourcesBuildPhase section */

/* Begin PBXTargetDependency section */
		C579E88126A87B1200430FC0 /* PBXTargetDependency */ = {
			isa = PBXTargetDependency;
			target = C579E86D26A87B1000430FC0 /* MemorizerComposable */;
			targetProxy = C579E88026A87B1200430FC0 /* PBXContainerItemProxy */;
		};
		C579E88C26A87B1200430FC0 /* PBXTargetDependency */ = {
			isa = PBXTargetDependency;
			target = C579E86D26A87B1000430FC0 /* MemorizerComposable */;
			targetProxy = C579E88B26A87B1200430FC0 /* PBXContainerItemProxy */;
		};
/* End PBXTargetDependency section */

/* Begin XCBuildConfiguration section */
		C579E89126A87B1200430FC0 /* Debug */ = {
			isa = XCBuildConfiguration;
			buildSettings = {
				ALWAYS_SEARCH_USER_PATHS = NO;
				CLANG_ANALYZER_NONNULL = YES;
				CLANG_ANALYZER_NUMBER_OBJECT_CONVERSION = YES_AGGRESSIVE;
				CLANG_CXX_LANGUAGE_STANDARD = "gnu++14";
				CLANG_CXX_LIBRARY = "libc++";
				CLANG_ENABLE_MODULES = YES;
				CLANG_ENABLE_OBJC_ARC = YES;
				CLANG_ENABLE_OBJC_WEAK = YES;
				CLANG_WARN_BLOCK_CAPTURE_AUTORELEASING = YES;
				CLANG_WARN_BOOL_CONVERSION = YES;
				CLANG_WARN_COMMA = YES;
				CLANG_WARN_CONSTANT_CONVERSION = YES;
				CLANG_WARN_DEPRECATED_OBJC_IMPLEMENTATIONS = YES;
				CLANG_WARN_DIRECT_OBJC_ISA_USAGE = YES_ERROR;
				CLANG_WARN_DOCUMENTATION_COMMENTS = YES;
				CLANG_WARN_EMPTY_BODY = YES;
				CLANG_WARN_ENUM_CONVERSION = YES;
				CLANG_WARN_INFINITE_RECURSION = YES;
				CLANG_WARN_INT_CONVERSION = YES;
				CLANG_WARN_NON_LITERAL_NULL_CONVERSION = YES;
				CLANG_WARN_OBJC_IMPLICIT_RETAIN_SELF = YES;
				CLANG_WARN_OBJC_LITERAL_CONVERSION = YES;
				CLANG_WARN_OBJC_ROOT_CLASS = YES_ERROR;
				CLANG_WARN_QUOTED_INCLUDE_IN_FRAMEWORK_HEADER = YES;
				CLANG_WARN_RANGE_LOOP_ANALYSIS = YES;
				CLANG_WARN_STRICT_PROTOTYPES = YES;
				CLANG_WARN_SUSPICIOUS_MOVE = YES;
				CLANG_WARN_UNGUARDED_AVAILABILITY = YES_AGGRESSIVE;
				CLANG_WARN_UNREACHABLE_CODE = YES;
				CLANG_WARN__DUPLICATE_METHOD_MATCH = YES;
				COPY_PHASE_STRIP = NO;
				DEBUG_INFORMATION_FORMAT = dwarf;
				ENABLE_STRICT_OBJC_MSGSEND = YES;
				ENABLE_TESTABILITY = YES;
				GCC_C_LANGUAGE_STANDARD = gnu11;
				GCC_DYNAMIC_NO_PIC = NO;
				GCC_NO_COMMON_BLOCKS = YES;
				GCC_OPTIMIZATION_LEVEL = 0;
				GCC_PREPROCESSOR_DEFINITIONS = (
					"DEBUG=1",
					"$(inherited)",
				);
				GCC_WARN_64_TO_32_BIT_CONVERSION = YES;
				GCC_WARN_ABOUT_RETURN_TYPE = YES_ERROR;
				GCC_WARN_UNDECLARED_SELECTOR = YES;
				GCC_WARN_UNINITIALIZED_AUTOS = YES_AGGRESSIVE;
				GCC_WARN_UNUSED_FUNCTION = YES;
				GCC_WARN_UNUSED_VARIABLE = YES;
				IPHONEOS_DEPLOYMENT_TARGET = 14.5;
				MTL_ENABLE_DEBUG_INFO = INCLUDE_SOURCE;
				MTL_FAST_MATH = YES;
				ONLY_ACTIVE_ARCH = YES;
				SDKROOT = iphoneos;
				SWIFT_ACTIVE_COMPILATION_CONDITIONS = DEBUG;
				SWIFT_OPTIMIZATION_LEVEL = "-Onone";
			};
			name = Debug;
		};
		C579E89226A87B1200430FC0 /* Release */ = {
			isa = XCBuildConfiguration;
			buildSettings = {
				ALWAYS_SEARCH_USER_PATHS = NO;
				CLANG_ANALYZER_NONNULL = YES;
				CLANG_ANALYZER_NUMBER_OBJECT_CONVERSION = YES_AGGRESSIVE;
				CLANG_CXX_LANGUAGE_STANDARD = "gnu++14";
				CLANG_CXX_LIBRARY = "libc++";
				CLANG_ENABLE_MODULES = YES;
				CLANG_ENABLE_OBJC_ARC = YES;
				CLANG_ENABLE_OBJC_WEAK = YES;
				CLANG_WARN_BLOCK_CAPTURE_AUTORELEASING = YES;
				CLANG_WARN_BOOL_CONVERSION = YES;
				CLANG_WARN_COMMA = YES;
				CLANG_WARN_CONSTANT_CONVERSION = YES;
				CLANG_WARN_DEPRECATED_OBJC_IMPLEMENTATIONS = YES;
				CLANG_WARN_DIRECT_OBJC_ISA_USAGE = YES_ERROR;
				CLANG_WARN_DOCUMENTATION_COMMENTS = YES;
				CLANG_WARN_EMPTY_BODY = YES;
				CLANG_WARN_ENUM_CONVERSION = YES;
				CLANG_WARN_INFINITE_RECURSION = YES;
				CLANG_WARN_INT_CONVERSION = YES;
				CLANG_WARN_NON_LITERAL_NULL_CONVERSION = YES;
				CLANG_WARN_OBJC_IMPLICIT_RETAIN_SELF = YES;
				CLANG_WARN_OBJC_LITERAL_CONVERSION = YES;
				CLANG_WARN_OBJC_ROOT_CLASS = YES_ERROR;
				CLANG_WARN_QUOTED_INCLUDE_IN_FRAMEWORK_HEADER = YES;
				CLANG_WARN_RANGE_LOOP_ANALYSIS = YES;
				CLANG_WARN_STRICT_PROTOTYPES = YES;
				CLANG_WARN_SUSPICIOUS_MOVE = YES;
				CLANG_WARN_UNGUARDED_AVAILABILITY = YES_AGGRESSIVE;
				CLANG_WARN_UNREACHABLE_CODE = YES;
				CLANG_WARN__DUPLICATE_METHOD_MATCH = YES;
				COPY_PHASE_STRIP = NO;
				DEBUG_INFORMATION_FORMAT = "dwarf-with-dsym";
				ENABLE_NS_ASSERTIONS = NO;
				ENABLE_STRICT_OBJC_MSGSEND = YES;
				GCC_C_LANGUAGE_STANDARD = gnu11;
				GCC_NO_COMMON_BLOCKS = YES;
				GCC_WARN_64_TO_32_BIT_CONVERSION = YES;
				GCC_WARN_ABOUT_RETURN_TYPE = YES_ERROR;
				GCC_WARN_UNDECLARED_SELECTOR = YES;
				GCC_WARN_UNINITIALIZED_AUTOS = YES_AGGRESSIVE;
				GCC_WARN_UNUSED_FUNCTION = YES;
				GCC_WARN_UNUSED_VARIABLE = YES;
				IPHONEOS_DEPLOYMENT_TARGET = 14.5;
				MTL_ENABLE_DEBUG_INFO = NO;
				MTL_FAST_MATH = YES;
				SDKROOT = iphoneos;
				SWIFT_COMPILATION_MODE = wholemodule;
				SWIFT_OPTIMIZATION_LEVEL = "-O";
				VALIDATE_PRODUCT = YES;
			};
			name = Release;
		};
		C579E89426A87B1200430FC0 /* Debug */ = {
			isa = XCBuildConfiguration;
			buildSettings = {
				ASSETCATALOG_COMPILER_APPICON_NAME = AppIcon;
				ASSETCATALOG_COMPILER_GLOBAL_ACCENT_COLOR_NAME = AccentColor;
				CODE_SIGN_STYLE = Automatic;
				DEVELOPMENT_ASSET_PATHS = "\"MemorizerComposable/Preview Content\"";
				DEVELOPMENT_TEAM = EH34GD9XC3;
				ENABLE_PREVIEWS = YES;
				INFOPLIST_FILE = MemorizerComposable/Info.plist;
				IPHONEOS_DEPLOYMENT_TARGET = 14.0;
				LD_RUNPATH_SEARCH_PATHS = (
					"$(inherited)",
					"@executable_path/Frameworks",
				);
				PRODUCT_BUNDLE_IDENTIFIER = com.szafulski.MemorizerComposable;
				PRODUCT_NAME = "$(TARGET_NAME)";
				SWIFT_VERSION = 5.0;
				TARGETED_DEVICE_FAMILY = "1,2";
			};
			name = Debug;
		};
		C579E89526A87B1200430FC0 /* Release */ = {
			isa = XCBuildConfiguration;
			buildSettings = {
				ASSETCATALOG_COMPILER_APPICON_NAME = AppIcon;
				ASSETCATALOG_COMPILER_GLOBAL_ACCENT_COLOR_NAME = AccentColor;
				CODE_SIGN_STYLE = Automatic;
				DEVELOPMENT_ASSET_PATHS = "\"MemorizerComposable/Preview Content\"";
				DEVELOPMENT_TEAM = EH34GD9XC3;
				ENABLE_PREVIEWS = YES;
				INFOPLIST_FILE = MemorizerComposable/Info.plist;
				IPHONEOS_DEPLOYMENT_TARGET = 14.0;
				LD_RUNPATH_SEARCH_PATHS = (
					"$(inherited)",
					"@executable_path/Frameworks",
				);
				PRODUCT_BUNDLE_IDENTIFIER = com.szafulski.MemorizerComposable;
				PRODUCT_NAME = "$(TARGET_NAME)";
				SWIFT_VERSION = 5.0;
				TARGETED_DEVICE_FAMILY = "1,2";
			};
			name = Release;
		};
		C579E89726A87B1200430FC0 /* Debug */ = {
			isa = XCBuildConfiguration;
			buildSettings = {
				ALWAYS_EMBED_SWIFT_STANDARD_LIBRARIES = YES;
				BUNDLE_LOADER = "$(TEST_HOST)";
				CODE_SIGN_STYLE = Automatic;
				DEVELOPMENT_TEAM = EH34GD9XC3;
				INFOPLIST_FILE = MemorizerComposableTests/Info.plist;
				IPHONEOS_DEPLOYMENT_TARGET = 14.0;
				LD_RUNPATH_SEARCH_PATHS = (
					"$(inherited)",
					"@executable_path/Frameworks",
					"@loader_path/Frameworks",
				);
				PRODUCT_BUNDLE_IDENTIFIER = com.szafulski.MemorizerComposableTests;
				PRODUCT_NAME = "$(TARGET_NAME)";
				SWIFT_VERSION = 5.0;
				TARGETED_DEVICE_FAMILY = "1,2";
				TEST_HOST = "$(BUILT_PRODUCTS_DIR)/MemorizerComposable.app/MemorizerComposable";
			};
			name = Debug;
		};
		C579E89826A87B1200430FC0 /* Release */ = {
			isa = XCBuildConfiguration;
			buildSettings = {
				ALWAYS_EMBED_SWIFT_STANDARD_LIBRARIES = YES;
				BUNDLE_LOADER = "$(TEST_HOST)";
				CODE_SIGN_STYLE = Automatic;
				DEVELOPMENT_TEAM = EH34GD9XC3;
				INFOPLIST_FILE = MemorizerComposableTests/Info.plist;
				IPHONEOS_DEPLOYMENT_TARGET = 14.0;
				LD_RUNPATH_SEARCH_PATHS = (
					"$(inherited)",
					"@executable_path/Frameworks",
					"@loader_path/Frameworks",
				);
				PRODUCT_BUNDLE_IDENTIFIER = com.szafulski.MemorizerComposableTests;
				PRODUCT_NAME = "$(TARGET_NAME)";
				SWIFT_VERSION = 5.0;
				TARGETED_DEVICE_FAMILY = "1,2";
				TEST_HOST = "$(BUILT_PRODUCTS_DIR)/MemorizerComposable.app/MemorizerComposable";
			};
			name = Release;
		};
		C579E89A26A87B1200430FC0 /* Debug */ = {
			isa = XCBuildConfiguration;
			buildSettings = {
				ALWAYS_EMBED_SWIFT_STANDARD_LIBRARIES = YES;
				CODE_SIGN_STYLE = Automatic;
				DEVELOPMENT_TEAM = EH34GD9XC3;
				INFOPLIST_FILE = MemorizerComposableUITests/Info.plist;
				LD_RUNPATH_SEARCH_PATHS = (
					"$(inherited)",
					"@executable_path/Frameworks",
					"@loader_path/Frameworks",
				);
				PRODUCT_BUNDLE_IDENTIFIER = com.szafulski.MemorizerComposableUITests;
				PRODUCT_NAME = "$(TARGET_NAME)";
				SWIFT_VERSION = 5.0;
				TARGETED_DEVICE_FAMILY = "1,2";
				TEST_TARGET_NAME = MemorizerComposable;
			};
			name = Debug;
		};
		C579E89B26A87B1200430FC0 /* Release */ = {
			isa = XCBuildConfiguration;
			buildSettings = {
				ALWAYS_EMBED_SWIFT_STANDARD_LIBRARIES = YES;
				CODE_SIGN_STYLE = Automatic;
				DEVELOPMENT_TEAM = EH34GD9XC3;
				INFOPLIST_FILE = MemorizerComposableUITests/Info.plist;
				LD_RUNPATH_SEARCH_PATHS = (
					"$(inherited)",
					"@executable_path/Frameworks",
					"@loader_path/Frameworks",
				);
				PRODUCT_BUNDLE_IDENTIFIER = com.szafulski.MemorizerComposableUITests;
				PRODUCT_NAME = "$(TARGET_NAME)";
				SWIFT_VERSION = 5.0;
				TARGETED_DEVICE_FAMILY = "1,2";
				TEST_TARGET_NAME = MemorizerComposable;
			};
			name = Release;
		};
/* End XCBuildConfiguration section */

/* Begin XCConfigurationList section */
		C579E86926A87B1000430FC0 /* Build configuration list for PBXProject "MemorizerComposable" */ = {
			isa = XCConfigurationList;
			buildConfigurations = (
				C579E89126A87B1200430FC0 /* Debug */,
				C579E89226A87B1200430FC0 /* Release */,
			);
			defaultConfigurationIsVisible = 0;
			defaultConfigurationName = Release;
		};
		C579E89326A87B1200430FC0 /* Build configuration list for PBXNativeTarget "MemorizerComposable" */ = {
			isa = XCConfigurationList;
			buildConfigurations = (
				C579E89426A87B1200430FC0 /* Debug */,
				C579E89526A87B1200430FC0 /* Release */,
			);
			defaultConfigurationIsVisible = 0;
			defaultConfigurationName = Release;
		};
		C579E89626A87B1200430FC0 /* Build configuration list for PBXNativeTarget "MemorizerComposableTests" */ = {
			isa = XCConfigurationList;
			buildConfigurations = (
				C579E89726A87B1200430FC0 /* Debug */,
				C579E89826A87B1200430FC0 /* Release */,
			);
			defaultConfigurationIsVisible = 0;
			defaultConfigurationName = Release;
		};
		C579E89926A87B1200430FC0 /* Build configuration list for PBXNativeTarget "MemorizerComposableUITests" */ = {
			isa = XCConfigurationList;
			buildConfigurations = (
				C579E89A26A87B1200430FC0 /* Debug */,
				C579E89B26A87B1200430FC0 /* Release */,
			);
			defaultConfigurationIsVisible = 0;
			defaultConfigurationName = Release;
		};
/* End XCConfigurationList section */

/* Begin XCRemoteSwiftPackageReference section */
		C579E8A026A88A3900430FC0 /* XCRemoteSwiftPackageReference "swift-composable-architecture" */ = {
			isa = XCRemoteSwiftPackageReference;
			repositoryURL = "https://github.com/pointfreeco/swift-composable-architecture";
			requirement = {
				kind = upToNextMajorVersion;
				minimumVersion = 0.22.0;
			};
		};
/* End XCRemoteSwiftPackageReference section */

/* Begin XCSwiftPackageProductDependency section */
		C579E8A126A88A3900430FC0 /* ComposableArchitecture */ = {
			isa = XCSwiftPackageProductDependency;
			package = C579E8A026A88A3900430FC0 /* XCRemoteSwiftPackageReference "swift-composable-architecture" */;
			productName = ComposableArchitecture;
		};
/* End XCSwiftPackageProductDependency section */
	};
	rootObject = C579E86626A87B1000430FC0 /* Project object */;
}
